
Microsoft Visual Studio Solution File, Format Version 12.00
# Visual Studio Version 16
VisualStudioVersion = 16.0.32901.82
MinimumVisualStudioVersion = 10.0.40219.1
Project("{FAE04EC0-301F-11D3-BF4B-00C04F79EFBC}") = "LabZad3", "LabZad3\LabZad3.csproj", "{620C2B84-92C6-4528-B85E-FD86650A5CCD}"
EndProject
Global
	GlobalSection(SolutionConfigurationPlatforms) = preSolution
		Debug|Any CPU = Debug|Any CPU
		Release|Any CPU = Release|Any CPU
	EndGlobalSection
	GlobalSection(ProjectConfigurationPlatforms) = postSolution
		{620C2B84-92C6-4528-B85E-FD86650A5CCD}.Debug|Any CPU.ActiveCfg = Debug|Any CPU
		{620C2B84-92C6-4528-B85E-FD86650A5CCD}.Debug|Any CPU.Build.0 = Debug|Any CPU
		{620C2B84-92C6-4528-B85E-FD86650A5CCD}.Release|Any CPU.ActiveCfg = Release|Any CPU
		{620C2B84-92C6-4528-B85E-FD86650A5CCD}.Release|Any CPU.Build.0 = Release|Any CPU
	EndGlobalSection
	GlobalSection(SolutionProperties) = preSolution
		HideSolutionNode = FALSE
	EndGlobalSection
	GlobalSection(ExtensibilityGlobals) = postSolution
		SolutionGuid = {B207A8FB-A820-4AAE-9B1F-C2589A0B779F}
	EndGlobalSection
EndGlobal
