
Microsoft Visual Studio Solution File, Format Version 12.00
# Visual Studio Version 16
VisualStudioVersion = 16.0.32901.82
MinimumVisualStudioVersion = 10.0.40219.1
Project("{FAE04EC0-301F-11D3-BF4B-00C04F79EFBC}") = "Lab10", "Lab10\Lab10.csproj", "{889DE5F6-6998-4943-8FBB-62EDEFB68D54}"
EndProject
Global
	GlobalSection(SolutionConfigurationPlatforms) = preSolution
		Debug|Any CPU = Debug|Any CPU
		Release|Any CPU = Release|Any CPU
	EndGlobalSection
	GlobalSection(ProjectConfigurationPlatforms) = postSolution
		{889DE5F6-6998-4943-8FBB-62EDEFB68D54}.Debug|Any CPU.ActiveCfg = Debug|Any CPU
		{889DE5F6-6998-4943-8FBB-62EDEFB68D54}.Debug|Any CPU.Build.0 = Debug|Any CPU
		{889DE5F6-6998-4943-8FBB-62EDEFB68D54}.Release|Any CPU.ActiveCfg = Release|Any CPU
		{889DE5F6-6998-4943-8FBB-62EDEFB68D54}.Release|Any CPU.Build.0 = Release|Any CPU
	EndGlobalSection
	GlobalSection(SolutionProperties) = preSolution
		HideSolutionNode = FALSE
	EndGlobalSection
	GlobalSection(ExtensibilityGlobals) = postSolution
		SolutionGuid = {D6336C14-F3CC-42B1-A006-A5942650BA3C}
	EndGlobalSection
EndGlobal
